
Microsoft Visual Studio Solution File, Format Version 12.00
# Visual Studio Version 17
VisualStudioVersion = 17.3.32901.215
MinimumVisualStudioVersion = 10.0.40219.1
Project("{9A19103F-16F7-4668-BE54-9A1E7A4F7556}") = "health-calc-pack-dotnet", "helath-calc-pack-dotnet\health-calc-pack-dotnet.csproj", "{F7AF4467-D896-41D7-8098-82E1A91360ED}"
EndProject
Project("{9A19103F-16F7-4668-BE54-9A1E7A4F7556}") = "health-calc-console-dotnet", "health-calc-console-dotnet\health-calc-console-dotnet.csproj", "{21497AEC-41BD-4AC9-8394-1DC9060F0E97}"
EndProject
Project("{9A19103F-16F7-4668-BE54-9A1E7A4F7556}") = "health-calc-teste", "health-calc-teste\health-calc-teste.csproj", "{A23B94C4-D198-4E0A-AB8C-8CCD1A8DC8A8}"
EndProject
Global
	GlobalSection(SolutionConfigurationPlatforms) = preSolution
		Debug|Any CPU = Debug|Any CPU
		Release|Any CPU = Release|Any CPU
	EndGlobalSection
	GlobalSection(ProjectConfigurationPlatforms) = postSolution
		{F7AF4467-D896-41D7-8098-82E1A91360ED}.Debug|Any CPU.ActiveCfg = Debug|Any CPU
		{F7AF4467-D896-41D7-8098-82E1A91360ED}.Debug|Any CPU.Build.0 = Debug|Any CPU
		{F7AF4467-D896-41D7-8098-82E1A91360ED}.Release|Any CPU.ActiveCfg = Release|Any CPU
		{F7AF4467-D896-41D7-8098-82E1A91360ED}.Release|Any CPU.Build.0 = Release|Any CPU
		{21497AEC-41BD-4AC9-8394-1DC9060F0E97}.Debug|Any CPU.ActiveCfg = Debug|Any CPU
		{21497AEC-41BD-4AC9-8394-1DC9060F0E97}.Debug|Any CPU.Build.0 = Debug|Any CPU
		{21497AEC-41BD-4AC9-8394-1DC9060F0E97}.Release|Any CPU.ActiveCfg = Release|Any CPU
		{21497AEC-41BD-4AC9-8394-1DC9060F0E97}.Release|Any CPU.Build.0 = Release|Any CPU
		{A23B94C4-D198-4E0A-AB8C-8CCD1A8DC8A8}.Debug|Any CPU.ActiveCfg = Debug|Any CPU
		{A23B94C4-D198-4E0A-AB8C-8CCD1A8DC8A8}.Debug|Any CPU.Build.0 = Debug|Any CPU
		{A23B94C4-D198-4E0A-AB8C-8CCD1A8DC8A8}.Release|Any CPU.ActiveCfg = Release|Any CPU
		{A23B94C4-D198-4E0A-AB8C-8CCD1A8DC8A8}.Release|Any CPU.Build.0 = Release|Any CPU
	EndGlobalSection
	GlobalSection(SolutionProperties) = preSolution
		HideSolutionNode = FALSE
	EndGlobalSection
	GlobalSection(ExtensibilityGlobals) = postSolution
		SolutionGuid = {E2EA035C-83CE-4EFE-9A37-169BDE1B63BA}
	EndGlobalSection
EndGlobal
